
Microsoft Visual Studio Solution File, Format Version 12.00
# Visual Studio Version 16
VisualStudioVersion = 16.0.29424.173
MinimumVisualStudioVersion = 10.0.40219.1
Project("{FAE04EC0-301F-11D3-BF4B-00C04F79EFBC}") = "Mouseclicker", "Mouseclicker\Mouseclicker.csproj", "{9A58EEC3-A817-4D46-9F02-CA518C11104C}"
EndProject
Global
	GlobalSection(SolutionConfigurationPlatforms) = preSolution
		Debug|Any CPU = Debug|Any CPU
		Release|Any CPU = Release|Any CPU
	EndGlobalSection
	GlobalSection(ProjectConfigurationPlatforms) = postSolution
		{9A58EEC3-A817-4D46-9F02-CA518C11104C}.Debug|Any CPU.ActiveCfg = Debug|Any CPU
		{9A58EEC3-A817-4D46-9F02-CA518C11104C}.Debug|Any CPU.Build.0 = Debug|Any CPU
		{9A58EEC3-A817-4D46-9F02-CA518C11104C}.Release|Any CPU.ActiveCfg = Release|Any CPU
		{9A58EEC3-A817-4D46-9F02-CA518C11104C}.Release|Any CPU.Build.0 = Release|Any CPU
	EndGlobalSection
	GlobalSection(SolutionProperties) = preSolution
		HideSolutionNode = FALSE
	EndGlobalSection
	GlobalSection(ExtensibilityGlobals) = postSolution
		SolutionGuid = {01B09F1D-1D6A-43D4-89E1-A0937A4F67A8}
	EndGlobalSection
EndGlobal
